
Microsoft Visual Studio Solution File, Format Version 12.00
# Visual Studio Version 16
VisualStudioVersion = 25.0.1706.2
MinimumVisualStudioVersion = 10.0.40219.1
Project("{FAE04EC0-301F-11D3-BF4B-00C04F79EFBC}") = "MvcMovie", "MvcMovie.csproj", "{F1EA6385-991F-4AEE-988C-8702EA7779CA}"
EndProject
Global
	GlobalSection(SolutionConfigurationPlatforms) = preSolution
		Debug|Any CPU = Debug|Any CPU
		Release|Any CPU = Release|Any CPU
	EndGlobalSection
	GlobalSection(ProjectConfigurationPlatforms) = postSolution
		{F1EA6385-991F-4AEE-988C-8702EA7779CA}.Debug|Any CPU.ActiveCfg = Debug|Any CPU
		{F1EA6385-991F-4AEE-988C-8702EA7779CA}.Debug|Any CPU.Build.0 = Debug|Any CPU
		{F1EA6385-991F-4AEE-988C-8702EA7779CA}.Release|Any CPU.ActiveCfg = Release|Any CPU
		{F1EA6385-991F-4AEE-988C-8702EA7779CA}.Release|Any CPU.Build.0 = Release|Any CPU
	EndGlobalSection
	GlobalSection(SolutionProperties) = preSolution
		HideSolutionNode = FALSE
	EndGlobalSection
	GlobalSection(ExtensibilityGlobals) = postSolution
		SolutionGuid = {D3985127-0839-4719-94D9-97792018B896}
	EndGlobalSection
EndGlobal
